
Microsoft Visual Studio Solution File, Format Version 12.00
# Visual Studio 2017
Project("{FAE04EC0-301F-11D3-BF4B-00C04F79EFBC}") = "Relax", "Relax.csproj", "{1B05AA45-3A55-FF2F-ACA2-01CC1EEA84CC}"
EndProject
Project("{FAE04EC0-301F-11D3-BF4B-00C04F79EFBC}") = "Relax.Editor", "Relax.Editor.csproj", "{424C6CF5-5559-C63D-0BDE-8C40DB71173C}"
EndProject
Global
	GlobalSection(SolutionConfigurationPlatforms) = preSolution
		Debug|Any CPU = Debug|Any CPU
		Release|Any CPU = Release|Any CPU
	EndGlobalSection
	GlobalSection(ProjectConfigurationPlatforms) = postSolution
		{1B05AA45-3A55-FF2F-ACA2-01CC1EEA84CC}.Debug|Any CPU.ActiveCfg = Debug|Any CPU
		{1B05AA45-3A55-FF2F-ACA2-01CC1EEA84CC}.Debug|Any CPU.Build.0 = Debug|Any CPU
		{1B05AA45-3A55-FF2F-ACA2-01CC1EEA84CC}.Release|Any CPU.ActiveCfg = Release|Any CPU
		{1B05AA45-3A55-FF2F-ACA2-01CC1EEA84CC}.Release|Any CPU.Build.0 = Release|Any CPU
		{424C6CF5-5559-C63D-0BDE-8C40DB71173C}.Debug|Any CPU.ActiveCfg = Debug|Any CPU
		{424C6CF5-5559-C63D-0BDE-8C40DB71173C}.Debug|Any CPU.Build.0 = Debug|Any CPU
		{424C6CF5-5559-C63D-0BDE-8C40DB71173C}.Release|Any CPU.ActiveCfg = Release|Any CPU
		{424C6CF5-5559-C63D-0BDE-8C40DB71173C}.Release|Any CPU.Build.0 = Release|Any CPU
	EndGlobalSection
	GlobalSection(SolutionProperties) = preSolution
		HideSolutionNode = FALSE
	EndGlobalSection
EndGlobal
